
Microsoft Visual Studio Solution File, Format Version 12.00
# Visual Studio Version 17
VisualStudioVersion = 17.5.33424.131
MinimumVisualStudioVersion = 10.0.40219.1
Project("{9A19103F-16F7-4668-BE54-9A1E7A4F7556}") = "Zadanie_4", "Zadanie_4.csproj", "{CE34352E-3331-43EA-AD0A-509BE67FFBE2}"
EndProject
Global
	GlobalSection(SolutionConfigurationPlatforms) = preSolution
		Debug|Any CPU = Debug|Any CPU
		Release|Any CPU = Release|Any CPU
	EndGlobalSection
	GlobalSection(ProjectConfigurationPlatforms) = postSolution
		{CE34352E-3331-43EA-AD0A-509BE67FFBE2}.Debug|Any CPU.ActiveCfg = Debug|Any CPU
		{CE34352E-3331-43EA-AD0A-509BE67FFBE2}.Debug|Any CPU.Build.0 = Debug|Any CPU
		{CE34352E-3331-43EA-AD0A-509BE67FFBE2}.Release|Any CPU.ActiveCfg = Release|Any CPU
		{CE34352E-3331-43EA-AD0A-509BE67FFBE2}.Release|Any CPU.Build.0 = Release|Any CPU
	EndGlobalSection
	GlobalSection(SolutionProperties) = preSolution
		HideSolutionNode = FALSE
	EndGlobalSection
	GlobalSection(ExtensibilityGlobals) = postSolution
		SolutionGuid = {E8F375B3-C7F1-4C62-B460-B4D40E7EE71A}
	EndGlobalSection
EndGlobal
